{
  "nodes": {
    "nixpkgs": {
      "locked": {
        "lastModified": 1736243181,
        "narHash": "sha256-yaAZO4ttZ3q9/U0zFVtzpVGO6B8+DMpshnF1+0E5Kkg=",
        "owner": "NixOS",
        "repo": "nixpkgs",
        "rev": "8bcd7d056d69e2e6c47ddf40c2c401cb173c0d67",
        "type": "github"
      },
      "original": {
        "owner": "NixOS",
        "ref": "master",
        "repo": "nixpkgs",
        "type": "github"
      }
    },
    "root": {
      "inputs": {
        "nixpkgs": "nixpkgs"
      }
    }
  },
  "root": "root",
  "version": 7
}
